
Microsoft Visual Studio Solution File, Format Version 12.00
# Visual Studio 14
VisualStudioVersion = 14.0.24720.0
MinimumVisualStudioVersion = 10.0.40219.1
Project("{FAE04EC0-301F-11D3-BF4B-00C04F79EFBC}") = "subproc_ex1", "subproc_ex1\subproc_ex1.csproj", "{EC66642D-92D3-4955-BF3F-73B7C2D6C8B5}"
EndProject
Project("{FAE04EC0-301F-11D3-BF4B-00C04F79EFBC}") = "test_app", "test_app\test_app.csproj", "{5871B5C1-87B7-4CC9-9F91-1850E58E73CB}"
EndProject
Project("{FAE04EC0-301F-11D3-BF4B-00C04F79EFBC}") = "subproc_ex2", "subproc_ex2\subproc_ex2.csproj", "{A1E89BD2-7135-407E-8F0B-56B12C0B5339}"
EndProject
Project("{2150E333-8FDC-42A3-9474-1A3956D46DE8}") = "binaries", "binaries", "{7A9AFBA7-8462-45C4-B5D5-443283DEA765}"
EndProject
Project("{FAE04EC0-301F-11D3-BF4B-00C04F79EFBC}") = "progress_bar1", "progress_bar1\progress_bar1.csproj", "{A10A9F80-465A-43CD-A948-8A9964708E00}"
EndProject
Project("{FAE04EC0-301F-11D3-BF4B-00C04F79EFBC}") = "target_bl_commands", "target_bl_commands\target_bl_commands.csproj", "{690DCCCC-A5C5-4399-BF73-BEBBB86665FD}"
EndProject
Global
	GlobalSection(SolutionConfigurationPlatforms) = preSolution
		Debug|Any CPU = Debug|Any CPU
		Release|Any CPU = Release|Any CPU
	EndGlobalSection
	GlobalSection(ProjectConfigurationPlatforms) = postSolution
		{EC66642D-92D3-4955-BF3F-73B7C2D6C8B5}.Debug|Any CPU.ActiveCfg = Debug|Any CPU
		{EC66642D-92D3-4955-BF3F-73B7C2D6C8B5}.Debug|Any CPU.Build.0 = Debug|Any CPU
		{EC66642D-92D3-4955-BF3F-73B7C2D6C8B5}.Release|Any CPU.ActiveCfg = Release|Any CPU
		{EC66642D-92D3-4955-BF3F-73B7C2D6C8B5}.Release|Any CPU.Build.0 = Release|Any CPU
		{5871B5C1-87B7-4CC9-9F91-1850E58E73CB}.Debug|Any CPU.ActiveCfg = Debug|Any CPU
		{5871B5C1-87B7-4CC9-9F91-1850E58E73CB}.Debug|Any CPU.Build.0 = Debug|Any CPU
		{5871B5C1-87B7-4CC9-9F91-1850E58E73CB}.Release|Any CPU.ActiveCfg = Release|Any CPU
		{5871B5C1-87B7-4CC9-9F91-1850E58E73CB}.Release|Any CPU.Build.0 = Release|Any CPU
		{A1E89BD2-7135-407E-8F0B-56B12C0B5339}.Debug|Any CPU.ActiveCfg = Debug|Any CPU
		{A1E89BD2-7135-407E-8F0B-56B12C0B5339}.Debug|Any CPU.Build.0 = Debug|Any CPU
		{A1E89BD2-7135-407E-8F0B-56B12C0B5339}.Release|Any CPU.ActiveCfg = Release|Any CPU
		{A1E89BD2-7135-407E-8F0B-56B12C0B5339}.Release|Any CPU.Build.0 = Release|Any CPU
		{A10A9F80-465A-43CD-A948-8A9964708E00}.Debug|Any CPU.ActiveCfg = Debug|Any CPU
		{A10A9F80-465A-43CD-A948-8A9964708E00}.Debug|Any CPU.Build.0 = Debug|Any CPU
		{A10A9F80-465A-43CD-A948-8A9964708E00}.Release|Any CPU.ActiveCfg = Release|Any CPU
		{A10A9F80-465A-43CD-A948-8A9964708E00}.Release|Any CPU.Build.0 = Release|Any CPU
		{690DCCCC-A5C5-4399-BF73-BEBBB86665FD}.Debug|Any CPU.ActiveCfg = Debug|Any CPU
		{690DCCCC-A5C5-4399-BF73-BEBBB86665FD}.Debug|Any CPU.Build.0 = Debug|Any CPU
		{690DCCCC-A5C5-4399-BF73-BEBBB86665FD}.Release|Any CPU.ActiveCfg = Release|Any CPU
		{690DCCCC-A5C5-4399-BF73-BEBBB86665FD}.Release|Any CPU.Build.0 = Release|Any CPU
	EndGlobalSection
	GlobalSection(SolutionProperties) = preSolution
		HideSolutionNode = FALSE
	EndGlobalSection
EndGlobal
